
Microsoft Visual Studio Solution File, Format Version 12.00
# Visual Studio Version 16
VisualStudioVersion = 16.0.29102.190
MinimumVisualStudioVersion = 10.0.40219.1
Project("{FAE04EC0-301F-11D3-BF4B-00C04F79EFBC}") = "Song", "Song.csproj", "{5717F424-B9B4-4CC6-A8A5-26543AE90AF1}"
EndProject
Global
	GlobalSection(SolutionConfigurationPlatforms) = preSolution
		Debug|Any CPU = Debug|Any CPU
		Release|Any CPU = Release|Any CPU
	EndGlobalSection
	GlobalSection(ProjectConfigurationPlatforms) = postSolution
		{5717F424-B9B4-4CC6-A8A5-26543AE90AF1}.Debug|Any CPU.ActiveCfg = Debug|Any CPU
		{5717F424-B9B4-4CC6-A8A5-26543AE90AF1}.Debug|Any CPU.Build.0 = Debug|Any CPU
		{5717F424-B9B4-4CC6-A8A5-26543AE90AF1}.Release|Any CPU.ActiveCfg = Release|Any CPU
		{5717F424-B9B4-4CC6-A8A5-26543AE90AF1}.Release|Any CPU.Build.0 = Release|Any CPU
	EndGlobalSection
	GlobalSection(SolutionProperties) = preSolution
		HideSolutionNode = FALSE
	EndGlobalSection
	GlobalSection(ExtensibilityGlobals) = postSolution
		SolutionGuid = {0F9D322C-C3F2-4F3E-81EA-8F489441E5A1}
	EndGlobalSection
EndGlobal
